
Microsoft Visual Studio Solution File, Format Version 12.00
# Visual Studio Version 16
VisualStudioVersion = 16.0.29411.108
MinimumVisualStudioVersion = 10.0.40219.1
Project("{9A19103F-16F7-4668-BE54-9A1E7A4F7556}") = "NGK_LAB10_WebAPI", "NGK_LAB10_WebAPI\NGK_LAB10_WebAPI.csproj", "{79E50662-CDCE-4721-889E-7D50BA1A69E9}"
EndProject
Project("{FAE04EC0-301F-11D3-BF4B-00C04F79EFBC}") = "Unit.Test.Controllers", "Unit.Test.Controllers\Unit.Test.Controllers.csproj", "{F25125ED-722D-42FC-8672-32C8DC6A3385}"
EndProject
Global
	GlobalSection(SolutionConfigurationPlatforms) = preSolution
		Debug|Any CPU = Debug|Any CPU
		Release|Any CPU = Release|Any CPU
	EndGlobalSection
	GlobalSection(ProjectConfigurationPlatforms) = postSolution
		{79E50662-CDCE-4721-889E-7D50BA1A69E9}.Debug|Any CPU.ActiveCfg = Debug|Any CPU
		{79E50662-CDCE-4721-889E-7D50BA1A69E9}.Debug|Any CPU.Build.0 = Debug|Any CPU
		{79E50662-CDCE-4721-889E-7D50BA1A69E9}.Release|Any CPU.ActiveCfg = Release|Any CPU
		{79E50662-CDCE-4721-889E-7D50BA1A69E9}.Release|Any CPU.Build.0 = Release|Any CPU
		{F25125ED-722D-42FC-8672-32C8DC6A3385}.Debug|Any CPU.ActiveCfg = Debug|Any CPU
		{F25125ED-722D-42FC-8672-32C8DC6A3385}.Debug|Any CPU.Build.0 = Debug|Any CPU
		{F25125ED-722D-42FC-8672-32C8DC6A3385}.Release|Any CPU.ActiveCfg = Release|Any CPU
		{F25125ED-722D-42FC-8672-32C8DC6A3385}.Release|Any CPU.Build.0 = Release|Any CPU
	EndGlobalSection
	GlobalSection(SolutionProperties) = preSolution
		HideSolutionNode = FALSE
	EndGlobalSection
	GlobalSection(ExtensibilityGlobals) = postSolution
		SolutionGuid = {FFBD451D-BA38-4D54-B370-00EEC0D54C13}
	EndGlobalSection
EndGlobal
